
Microsoft Visual Studio Solution File, Format Version 12.00
# Visual Studio 15
VisualStudioVersion = 15.0.27703.2047
MinimumVisualStudioVersion = 10.0.40219.1
Project("{FAE04EC0-301F-11D3-BF4B-00C04F79EFBC}") = "Vidly", "Vidly\Vidly.csproj", "{89214FDA-6D60-43B8-9F13-A3EEE1C0C2E1}"
EndProject
Global
	GlobalSection(SolutionConfigurationPlatforms) = preSolution
		Debug|Any CPU = Debug|Any CPU
		Release|Any CPU = Release|Any CPU
	EndGlobalSection
	GlobalSection(ProjectConfigurationPlatforms) = postSolution
		{89214FDA-6D60-43B8-9F13-A3EEE1C0C2E1}.Debug|Any CPU.ActiveCfg = Debug|Any CPU
		{89214FDA-6D60-43B8-9F13-A3EEE1C0C2E1}.Debug|Any CPU.Build.0 = Debug|Any CPU
		{89214FDA-6D60-43B8-9F13-A3EEE1C0C2E1}.Release|Any CPU.ActiveCfg = Release|Any CPU
		{89214FDA-6D60-43B8-9F13-A3EEE1C0C2E1}.Release|Any CPU.Build.0 = Release|Any CPU
	EndGlobalSection
	GlobalSection(SolutionProperties) = preSolution
		HideSolutionNode = FALSE
	EndGlobalSection
	GlobalSection(ExtensibilityGlobals) = postSolution
		SolutionGuid = {43D5968D-3FE3-4420-9481-E2CAFE4589EA}
	EndGlobalSection
EndGlobal
